// !$*UTF8*$!
{
	archiveVersion = 1;
	classes = {
	};
	objectVersion = 50;
	objects = {

/* Begin PBXBuildFile section */
		94C152342085EE5700F285D7 /* AppDelegate.swift in Sources */ = {isa = PBXBuildFile; fileRef = 94C152332085EE5700F285D7 /* AppDelegate.swift */; };
		94C152362085EE5700F285D7 /* ViewController.swift in Sources */ = {isa = PBXBuildFile; fileRef = 94C152352085EE5700F285D7 /* ViewController.swift */; };
		94C152392085EE5700F285D7 /* Main.storyboard in Resources */ = {isa = PBXBuildFile; fileRef = 94C152372085EE5700F285D7 /* Main.storyboard */; };
		94C1523B2085EE5800F285D7 /* Assets.xcassets in Resources */ = {isa = PBXBuildFile; fileRef = 94C1523A2085EE5800F285D7 /* Assets.xcassets */; };
		94C1523E2085EE5800F285D7 /* LaunchScreen.storyboard in Resources */ = {isa = PBXBuildFile; fileRef = 94C1523C2085EE5800F285D7 /* LaunchScreen.storyboard */; };
		94C152492085EE5900F285D7 /* DouyuTVTests.swift in Sources */ = {isa = PBXBuildFile; fileRef = 94C152482085EE5900F285D7 /* DouyuTVTests.swift */; };
		94C152542085EE5900F285D7 /* DouyuTVUITests.swift in Sources */ = {isa = PBXBuildFile; fileRef = 94C152532085EE5900F285D7 /* DouyuTVUITests.swift */; };
/* End PBXBuildFile section */

/* Begin PBXContainerItemProxy section */
		94C152452085EE5900F285D7 /* PBXContainerItemProxy */ = {
			isa = PBXContainerItemProxy;
			containerPortal = 94C152282085EE5700F285D7 /* Project object */;
			proxyType = 1;
			remoteGlobalIDString = 94C1522F2085EE5700F285D7;
			remoteInfo = DouyuTV;
		};
		94C152502085EE5900F285D7 /* PBXContainerItemProxy */ = {
			isa = PBXContainerItemProxy;
			containerPortal = 94C152282085EE5700F285D7 /* Project object */;
			proxyType = 1;
			remoteGlobalIDString = 94C1522F2085EE5700F285D7;
			remoteInfo = DouyuTV;
		};
/* End PBXContainerItemProxy section */

/* Begin PBXFileReference section */
		94C152302085EE5700F285D7 /* DouyuTV.app */ = {isa = PBXFileReference; explicitFileType = wrapper.application; includeInIndex = 0; path = DouyuTV.app; sourceTree = BUILT_PRODUCTS_DIR; };
		94C152332085EE5700F285D7 /* AppDelegate.swift */ = {isa = PBXFileReference; lastKnownFileType = sourcecode.swift; path = AppDelegate.swift; sourceTree = "<group>"; };
		94C152352085EE5700F285D7 /* ViewController.swift */ = {isa = PBXFileReference; lastKnownFileType = sourcecode.swift; path = ViewController.swift; sourceTree = "<group>"; };
		94C152382085EE5700F285D7 /* Base */ = {isa = PBXFileReference; lastKnownFileType = file.storyboard; name = Base; path = Base.lproj/Main.storyboard; sourceTree = "<group>"; };
		94C1523A2085EE5800F285D7 /* Assets.xcassets */ = {isa = PBXFileReference; lastKnownFileType = folder.assetcatalog; path = Assets.xcassets; sourceTree = "<group>"; };
		94C1523D2085EE5800F285D7 /* Base */ = {isa = PBXFileReference; lastKnownFileType = file.storyboard; name = Base; path = Base.lproj/LaunchScreen.storyboard; sourceTree = "<group>"; };
		94C1523F2085EE5800F285D7 /* Info.plist */ = {isa = PBXFileReference; lastKnownFileType = text.plist.xml; path = Info.plist; sourceTree = "<group>"; };
		94C152442085EE5900F285D7 /* DouyuTVTests.xctest */ = {isa = PBXFileReference; explicitFileType = wrapper.cfbundle; includeInIndex = 0; path = DouyuTVTests.xctest; sourceTree = BUILT_PRODUCTS_DIR; };
		94C152482085EE5900F285D7 /* DouyuTVTests.swift */ = {isa = PBXFileReference; lastKnownFileType = sourcecode.swift; path = DouyuTVTests.swift; sourceTree = "<group>"; };
		94C1524A2085EE5900F285D7 /* Info.plist */ = {isa = PBXFileReference; lastKnownFileType = text.plist.xml; path = Info.plist; sourceTree = "<group>"; };
		94C1524F2085EE5900F285D7 /* DouyuTVUITests.xctest */ = {isa = PBXFileReference; explicitFileType = wrapper.cfbundle; includeInIndex = 0; path = DouyuTVUITests.xctest; sourceTree = BUILT_PRODUCTS_DIR; };
		94C152532085EE5900F285D7 /* DouyuTVUITests.swift */ = {isa = PBXFileReference; lastKnownFileType = sourcecode.swift; path = DouyuTVUITests.swift; sourceTree = "<group>"; };
		94C152552085EE5900F285D7 /* Info.plist */ = {isa = PBXFileReference; lastKnownFileType = text.plist.xml; path = Info.plist; sourceTree = "<group>"; };
/* End PBXFileReference section */

/* Begin PBXFrameworksBuildPhase section */
		94C1522D2085EE5700F285D7 /* Frameworks */ = {
			isa = PBXFrameworksBuildPhase;
			buildActionMask = 2147483647;
			files = (
			);
			runOnlyForDeploymentPostprocessing = 0;
		};
		94C152412085EE5900F285D7 /* Frameworks */ = {
			isa = PBXFrameworksBuildPhase;
			buildActionMask = 2147483647;
			files = (
			);
			runOnlyForDeploymentPostprocessing = 0;
		};
		94C1524C2085EE5900F285D7 /* Frameworks */ = {
			isa = PBXFrameworksBuildPhase;
			buildActionMask = 2147483647;
			files = (
			);
			runOnlyForDeploymentPostprocessing = 0;
		};
/* End PBXFrameworksBuildPhase section */

/* Begin PBXGroup section */
		94C152272085EE5700F285D7 = {
			isa = PBXGroup;
			children = (
				94C152322085EE5700F285D7 /* DouyuTV */,
				94C152472085EE5900F285D7 /* DouyuTVTests */,
				94C152522085EE5900F285D7 /* DouyuTVUITests */,
				94C152312085EE5700F285D7 /* Products */,
			);
			sourceTree = "<group>";
		};
		94C152312085EE5700F285D7 /* Products */ = {
			isa = PBXGroup;
			children = (
				94C152302085EE5700F285D7 /* DouyuTV.app */,
				94C152442085EE5900F285D7 /* DouyuTVTests.xctest */,
				94C1524F2085EE5900F285D7 /* DouyuTVUITests.xctest */,
			);
			name = Products;
			sourceTree = "<group>";
		};
		94C152322085EE5700F285D7 /* DouyuTV */ = {
			isa = PBXGroup;
			children = (
				94C152332085EE5700F285D7 /* AppDelegate.swift */,
				94C152352085EE5700F285D7 /* ViewController.swift */,
				94C152372085EE5700F285D7 /* Main.storyboard */,
				94C1523A2085EE5800F285D7 /* Assets.xcassets */,
				94C1523C2085EE5800F285D7 /* LaunchScreen.storyboard */,
				94C1523F2085EE5800F285D7 /* Info.plist */,
			);
			path = DouyuTV;
			sourceTree = "<group>";
		};
		94C152472085EE5900F285D7 /* DouyuTVTests */ = {
			isa = PBXGroup;
			children = (
				94C152482085EE5900F285D7 /* DouyuTVTests.swift */,
				94C1524A2085EE5900F285D7 /* Info.plist */,
			);
			path = DouyuTVTests;
			sourceTree = "<group>";
		};
		94C152522085EE5900F285D7 /* DouyuTVUITests */ = {
			isa = PBXGroup;
			children = (
				94C152532085EE5900F285D7 /* DouyuTVUITests.swift */,
				94C152552085EE5900F285D7 /* Info.plist */,
			);
			path = DouyuTVUITests;
			sourceTree = "<group>";
		};
/* End PBXGroup section */

/* Begin PBXNativeTarget section */
		94C1522F2085EE5700F285D7 /* DouyuTV */ = {
			isa = PBXNativeTarget;
			buildConfigurationList = 94C152582085EE5900F285D7 /* Build configuration list for PBXNativeTarget "DouyuTV" */;
			buildPhases = (
				94C1522C2085EE5700F285D7 /* Sources */,
				94C1522D2085EE5700F285D7 /* Frameworks */,
				94C1522E2085EE5700F285D7 /* Resources */,
			);
			buildRules = (
			);
			dependencies = (
			);
			name = DouyuTV;
			productName = DouyuTV;
			productReference = 94C152302085EE5700F285D7 /* DouyuTV.app */;
			productType = "com.apple.product-type.application";
		};
		94C152432085EE5900F285D7 /* DouyuTVTests */ = {
			isa = PBXNativeTarget;
			buildConfigurationList = 94C1525B2085EE5900F285D7 /* Build configuration list for PBXNativeTarget "DouyuTVTests" */;
			buildPhases = (
				94C152402085EE5900F285D7 /* Sources */,
				94C152412085EE5900F285D7 /* Frameworks */,
				94C152422085EE5900F285D7 /* Resources */,
			);
			buildRules = (
			);
			dependencies = (
				94C152462085EE5900F285D7 /* PBXTargetDependency */,
			);
			name = DouyuTVTests;
			productName = DouyuTVTests;
			productReference = 94C152442085EE5900F285D7 /* DouyuTVTests.xctest */;
			productType = "com.apple.product-type.bundle.unit-test";
		};
		94C1524E2085EE5900F285D7 /* DouyuTVUITests */ = {
			isa = PBXNativeTarget;
			buildConfigurationList = 94C1525E2085EE5900F285D7 /* Build configuration list for PBXNativeTarget "DouyuTVUITests" */;
			buildPhases = (
				94C1524B2085EE5900F285D7 /* Sources */,
				94C1524C2085EE5900F285D7 /* Frameworks */,
				94C1524D2085EE5900F285D7 /* Resources */,
			);
			buildRules = (
			);
			dependencies = (
				94C152512085EE5900F285D7 /* PBXTargetDependency */,
			);
			name = DouyuTVUITests;
			productName = DouyuTVUITests;
			productReference = 94C1524F2085EE5900F285D7 /* DouyuTVUITests.xctest */;
			productType = "com.apple.product-type.bundle.ui-testing";
		};
/* End PBXNativeTarget section */

/* Begin PBXProject section */
		94C152282085EE5700F285D7 /* Project object */ = {
			isa = PBXProject;
			attributes = {
				LastSwiftUpdateCheck = 0930;
				LastUpgradeCheck = 0930;
				ORGANIZATIONNAME = "周鸣笛";
				TargetAttributes = {
					94C1522F2085EE5700F285D7 = {
						CreatedOnToolsVersion = 9.3;
					};
					94C152432085EE5900F285D7 = {
						CreatedOnToolsVersion = 9.3;
						TestTargetID = 94C1522F2085EE5700F285D7;
					};
					94C1524E2085EE5900F285D7 = {
						CreatedOnToolsVersion = 9.3;
						TestTargetID = 94C1522F2085EE5700F285D7;
					};
				};
			};
			buildConfigurationList = 94C1522B2085EE5700F285D7 /* Build configuration list for PBXProject "DouyuTV" */;
			compatibilityVersion = "Xcode 9.3";
			developmentRegion = en;
			hasScannedForEncodings = 0;
			knownRegions = (
				en,
				Base,
			);
			mainGroup = 94C152272085EE5700F285D7;
			productRefGroup = 94C152312085EE5700F285D7 /* Products */;
			projectDirPath = "";
			projectRoot = "";
			targets = (
				94C1522F2085EE5700F285D7 /* DouyuTV */,
				94C152432085EE5900F285D7 /* DouyuTVTests */,
				94C1524E2085EE5900F285D7 /* DouyuTVUITests */,
			);
		};
/* End PBXProject section */

/* Begin PBXResourcesBuildPhase section */
		94C1522E2085EE5700F285D7 /* Resources */ = {
			isa = PBXResourcesBuildPhase;
			buildActionMask = 2147483647;
			files = (
				94C1523E2085EE5800F285D7 /* LaunchScreen.storyboard in Resources */,
				94C1523B2085EE5800F285D7 /* Assets.xcassets in Resources */,
				94C152392085EE5700F285D7 /* Main.storyboard in Resources */,
			);
			runOnlyForDeploymentPostprocessing = 0;
		};
		94C152422085EE5900F285D7 /* Resources */ = {
			isa = PBXResourcesBuildPhase;
			buildActionMask = 2147483647;
			files = (
			);
			runOnlyForDeploymentPostprocessing = 0;
		};
		94C1524D2085EE5900F285D7 /* Resources */ = {
			isa = PBXResourcesBuildPhase;
			buildActionMask = 2147483647;
			files = (
			);
			runOnlyForDeploymentPostprocessing = 0;
		};
/* End PBXResourcesBuildPhase section */

/* Begin PBXSourcesBuildPhase section */
		94C1522C2085EE5700F285D7 /* Sources */ = {
			isa = PBXSourcesBuildPhase;
			buildActionMask = 2147483647;
			files = (
				94C152362085EE5700F285D7 /* ViewController.swift in Sources */,
				94C152342085EE5700F285D7 /* AppDelegate.swift in Sources */,
			);
			runOnlyForDeploymentPostprocessing = 0;
		};
		94C152402085EE5900F285D7 /* Sources */ = {
			isa = PBXSourcesBuildPhase;
			buildActionMask = 2147483647;
			files = (
				94C152492085EE5900F285D7 /* DouyuTVTests.swift in Sources */,
			);
			runOnlyForDeploymentPostprocessing = 0;
		};
		94C1524B2085EE5900F285D7 /* Sources */ = {
			isa = PBXSourcesBuildPhase;
			buildActionMask = 2147483647;
			files = (
				94C152542085EE5900F285D7 /* DouyuTVUITests.swift in Sources */,
			);
			runOnlyForDeploymentPostprocessing = 0;
		};
/* End PBXSourcesBuildPhase section */

/* Begin PBXTargetDependency section */
		94C152462085EE5900F285D7 /* PBXTargetDependency */ = {
			isa = PBXTargetDependency;
			target = 94C1522F2085EE5700F285D7 /* DouyuTV */;
			targetProxy = 94C152452085EE5900F285D7 /* PBXContainerItemProxy */;
		};
		94C152512085EE5900F285D7 /* PBXTargetDependency */ = {
			isa = PBXTargetDependency;
			target = 94C1522F2085EE5700F285D7 /* DouyuTV */;
			targetProxy = 94C152502085EE5900F285D7 /* PBXContainerItemProxy */;
		};
/* End PBXTargetDependency section */

/* Begin PBXVariantGroup section */
		94C152372085EE5700F285D7 /* Main.storyboard */ = {
			isa = PBXVariantGroup;
			children = (
				94C152382085EE5700F285D7 /* Base */,
			);
			name = Main.storyboard;
			sourceTree = "<group>";
		};
		94C1523C2085EE5800F285D7 /* LaunchScreen.storyboard */ = {
			isa = PBXVariantGroup;
			children = (
				94C1523D2085EE5800F285D7 /* Base */,
			);
			name = LaunchScreen.storyboard;
			sourceTree = "<group>";
		};
/* End PBXVariantGroup section */

/* Begin XCBuildConfiguration section */
		94C152562085EE5900F285D7 /* Debug */ = {
			isa = XCBuildConfiguration;
			buildSettings = {
				ALWAYS_SEARCH_USER_PATHS = NO;
				CLANG_ANALYZER_NONNULL = YES;
				CLANG_ANALYZER_NUMBER_OBJECT_CONVERSION = YES_AGGRESSIVE;
				CLANG_CXX_LANGUAGE_STANDARD = "gnu++14";
				CLANG_CXX_LIBRARY = "libc++";
				CLANG_ENABLE_MODULES = YES;
				CLANG_ENABLE_OBJC_ARC = YES;
				CLANG_ENABLE_OBJC_WEAK = YES;
				CLANG_WARN_BLOCK_CAPTURE_AUTORELEASING = YES;
				CLANG_WARN_BOOL_CONVERSION = YES;
				CLANG_WARN_COMMA = YES;
				CLANG_WARN_CONSTANT_CONVERSION = YES;
				CLANG_WARN_DEPRECATED_OBJC_IMPLEMENTATIONS = YES;
				CLANG_WARN_DIRECT_OBJC_ISA_USAGE = YES_ERROR;
				CLANG_WARN_DOCUMENTATION_COMMENTS = YES;
				CLANG_WARN_EMPTY_BODY = YES;
				CLANG_WARN_ENUM_CONVERSION = YES;
				CLANG_WARN_INFINITE_RECURSION = YES;
				CLANG_WARN_INT_CONVERSION = YES;
				CLANG_WARN_NON_LITERAL_NULL_CONVERSION = YES;
				CLANG_WARN_OBJC_IMPLICIT_RETAIN_SELF = YES;
				CLANG_WARN_OBJC_LITERAL_CONVERSION = YES;
				CLANG_WARN_OBJC_ROOT_CLASS = YES_ERROR;
				CLANG_WARN_RANGE_LOOP_ANALYSIS = YES;
				CLANG_WARN_STRICT_PROTOTYPES = YES;
				CLANG_WARN_SUSPICIOUS_MOVE = YES;
				CLANG_WARN_UNGUARDED_AVAILABILITY = YES_AGGRESSIVE;
				CLANG_WARN_UNREACHABLE_CODE = YES;
				CLANG_WARN__DUPLICATE_METHOD_MATCH = YES;
				CODE_SIGN_IDENTITY = "iPhone Developer";
				COPY_PHASE_STRIP = NO;
				DEBUG_INFORMATION_FORMAT = dwarf;
				ENABLE_STRICT_OBJC_MSGSEND = YES;
				ENABLE_TESTABILITY = YES;
				GCC_C_LANGUAGE_STANDARD = gnu11;
				GCC_DYNAMIC_NO_PIC = NO;
				GCC_NO_COMMON_BLOCKS = YES;
				GCC_OPTIMIZATION_LEVEL = 0;
				GCC_PREPROCESSOR_DEFINITIONS = (
					"DEBUG=1",
					"$(inherited)",
				);
				GCC_WARN_64_TO_32_BIT_CONVERSION = YES;
				GCC_WARN_ABOUT_RETURN_TYPE = YES_ERROR;
				GCC_WARN_UNDECLARED_SELECTOR = YES;
				GCC_WARN_UNINITIALIZED_AUTOS = YES_AGGRESSIVE;
				GCC_WARN_UNUSED_FUNCTION = YES;
				GCC_WARN_UNUSED_VARIABLE = YES;
				IPHONEOS_DEPLOYMENT_TARGET = 11.3;
				MTL_ENABLE_DEBUG_INFO = YES;
				ONLY_ACTIVE_ARCH = YES;
				SDKROOT = iphoneos;
				SWIFT_ACTIVE_COMPILATION_CONDITIONS = DEBUG;
				SWIFT_OPTIMIZATION_LEVEL = "-Onone";
			};
			name = Debug;
		};
		94C152572085EE5900F285D7 /* Release */ = {
			isa = XCBuildConfiguration;
			buildSettings = {
				ALWAYS_SEARCH_USER_PATHS = NO;
				CLANG_ANALYZER_NONNULL = YES;
				CLANG_ANALYZER_NUMBER_OBJECT_CONVERSION = YES_AGGRESSIVE;
				CLANG_CXX_LANGUAGE_STANDARD = "gnu++14";
				CLANG_CXX_LIBRARY = "libc++";
				CLANG_ENABLE_MODULES = YES;
				CLANG_ENABLE_OBJC_ARC = YES;
				CLANG_ENABLE_OBJC_WEAK = YES;
				CLANG_WARN_BLOCK_CAPTURE_AUTORELEASING = YES;
				CLANG_WARN_BOOL_CONVERSION = YES;
				CLANG_WARN_COMMA = YES;
				CLANG_WARN_CONSTANT_CONVERSION = YES;
				CLANG_WARN_DEPRECATED_OBJC_IMPLEMENTATIONS = YES;
				CLANG_WARN_DIRECT_OBJC_ISA_USAGE = YES_ERROR;
				CLANG_WARN_DOCUMENTATION_COMMENTS = YES;
				CLANG_WARN_EMPTY_BODY = YES;
				CLANG_WARN_ENUM_CONVERSION = YES;
				CLANG_WARN_INFINITE_RECURSION = YES;
				CLANG_WARN_INT_CONVERSION = YES;
				CLANG_WARN_NON_LITERAL_NULL_CONVERSION = YES;
				CLANG_WARN_OBJC_IMPLICIT_RETAIN_SELF = YES;
				CLANG_WARN_OBJC_LITERAL_CONVERSION = YES;
				CLANG_WARN_OBJC_ROOT_CLASS = YES_ERROR;
				CLANG_WARN_RANGE_LOOP_ANALYSIS = YES;
				CLANG_WARN_STRICT_PROTOTYPES = YES;
				CLANG_WARN_SUSPICIOUS_MOVE = YES;
				CLANG_WARN_UNGUARDED_AVAILABILITY = YES_AGGRESSIVE;
				CLANG_WARN_UNREACHABLE_CODE = YES;
				CLANG_WARN__DUPLICATE_METHOD_MATCH = YES;
				CODE_SIGN_IDENTITY = "iPhone Developer";
				COPY_PHASE_STRIP = NO;
				DEBUG_INFORMATION_FORMAT = "dwarf-with-dsym";
				ENABLE_NS_ASSERTIONS = NO;
				ENABLE_STRICT_OBJC_MSGSEND = YES;
				GCC_C_LANGUAGE_STANDARD = gnu11;
				GCC_NO_COMMON_BLOCKS = YES;
				GCC_WARN_64_TO_32_BIT_CONVERSION = YES;
				GCC_WARN_ABOUT_RETURN_TYPE = YES_ERROR;
				GCC_WARN_UNDECLARED_SELECTOR = YES;
				GCC_WARN_UNINITIALIZED_AUTOS = YES_AGGRESSIVE;
				GCC_WARN_UNUSED_FUNCTION = YES;
				GCC_WARN_UNUSED_VARIABLE = YES;
				IPHONEOS_DEPLOYMENT_TARGET = 11.3;
				MTL_ENABLE_DEBUG_INFO = NO;
				SDKROOT = iphoneos;
				SWIFT_COMPILATION_MODE = wholemodule;
				SWIFT_OPTIMIZATION_LEVEL = "-O";
				VALIDATE_PRODUCT = YES;
			};
			name = Release;
		};
		94C152592085EE5900F285D7 /* Debug */ = {
			isa = XCBuildConfiguration;
			buildSettings = {
				ASSETCATALOG_COMPILER_APPICON_NAME = AppIcon;
				CODE_SIGN_STYLE = Automatic;
				INFOPLIST_FILE = DouyuTV/Info.plist;
				LD_RUNPATH_SEARCH_PATHS = (
					"$(inherited)",
					"@executable_path/Frameworks",
				);
				PRODUCT_BUNDLE_IDENTIFIER = douyu.DouyuTV;
				PRODUCT_NAME = "$(TARGET_NAME)";
				SWIFT_VERSION = 4.0;
				TARGETED_DEVICE_FAMILY = "1,2";
			};
			name = Debug;
		};
		94C1525A2085EE5900F285D7 /* Release */ = {
			isa = XCBuildConfiguration;
			buildSettings = {
				ASSETCATALOG_COMPILER_APPICON_NAME = AppIcon;
				CODE_SIGN_STYLE = Automatic;
				INFOPLIST_FILE = DouyuTV/Info.plist;
				LD_RUNPATH_SEARCH_PATHS = (
					"$(inherited)",
					"@executable_path/Frameworks",
				);
				PRODUCT_BUNDLE_IDENTIFIER = douyu.DouyuTV;
				PRODUCT_NAME = "$(TARGET_NAME)";
				SWIFT_VERSION = 4.0;
				TARGETED_DEVICE_FAMILY = "1,2";
			};
			name = Release;
		};
		94C1525C2085EE5900F285D7 /* Debug */ = {
			isa = XCBuildConfiguration;
			buildSettings = {
				ALWAYS_EMBED_SWIFT_STANDARD_LIBRARIES = YES;
				BUNDLE_LOADER = "$(TEST_HOST)";
				CODE_SIGN_STYLE = Automatic;
				INFOPLIST_FILE = DouyuTVTests/Info.plist;
				LD_RUNPATH_SEARCH_PATHS = (
					"$(inherited)",
					"@executable_path/Frameworks",
					"@loader_path/Frameworks",
				);
				PRODUCT_BUNDLE_IDENTIFIER = douyu.DouyuTVTests;
				PRODUCT_NAME = "$(TARGET_NAME)";
				SWIFT_VERSION = 4.0;
				TARGETED_DEVICE_FAMILY = "1,2";
				TEST_HOST = "$(BUILT_PRODUCTS_DIR)/DouyuTV.app/DouyuTV";
			};
			name = Debug;
		};
		94C1525D2085EE5900F285D7 /* Release */ = {
			isa = XCBuildConfiguration;
			buildSettings = {
				ALWAYS_EMBED_SWIFT_STANDARD_LIBRARIES = YES;
				BUNDLE_LOADER = "$(TEST_HOST)";
				CODE_SIGN_STYLE = Automatic;
				INFOPLIST_FILE = DouyuTVTests/Info.plist;
				LD_RUNPATH_SEARCH_PATHS = (
					"$(inherited)",
					"@executable_path/Frameworks",
					"@loader_path/Frameworks",
				);
				PRODUCT_BUNDLE_IDENTIFIER = douyu.DouyuTVTests;
				PRODUCT_NAME = "$(TARGET_NAME)";
				SWIFT_VERSION = 4.0;
				TARGETED_DEVICE_FAMILY = "1,2";
				TEST_HOST = "$(BUILT_PRODUCTS_DIR)/DouyuTV.app/DouyuTV";
			};
			name = Release;
		};
		94C1525F2085EE5900F285D7 /* Debug */ = {
			isa = XCBuildConfiguration;
			buildSettings = {
				ALWAYS_EMBED_SWIFT_STANDARD_LIBRARIES = YES;
				CODE_SIGN_STYLE = Automatic;
				INFOPLIST_FILE = DouyuTVUITests/Info.plist;
				LD_RUNPATH_SEARCH_PATHS = (
					"$(inherited)",
					"@executable_path/Frameworks",
					"@loader_path/Frameworks",
				);
				PRODUCT_BUNDLE_IDENTIFIER = douyu.DouyuTVUITests;
				PRODUCT_NAME = "$(TARGET_NAME)";
				SWIFT_VERSION = 4.0;
				TARGETED_DEVICE_FAMILY = "1,2";
				TEST_TARGET_NAME = DouyuTV;
			};
			name = Debug;
		};
		94C152602085EE5900F285D7 /* Release */ = {
			isa = XCBuildConfiguration;
			buildSettings = {
				ALWAYS_EMBED_SWIFT_STANDARD_LIBRARIES = YES;
				CODE_SIGN_STYLE = Automatic;
				INFOPLIST_FILE = DouyuTVUITests/Info.plist;
				LD_RUNPATH_SEARCH_PATHS = (
					"$(inherited)",
					"@executable_path/Frameworks",
					"@loader_path/Frameworks",
				);
				PRODUCT_BUNDLE_IDENTIFIER = douyu.DouyuTVUITests;
				PRODUCT_NAME = "$(TARGET_NAME)";
				SWIFT_VERSION = 4.0;
				TARGETED_DEVICE_FAMILY = "1,2";
				TEST_TARGET_NAME = DouyuTV;
			};
			name = Release;
		};
/* End XCBuildConfiguration section */

/* Begin XCConfigurationList section */
		94C1522B2085EE5700F285D7 /* Build configuration list for PBXProject "DouyuTV" */ = {
			isa = XCConfigurationList;
			buildConfigurations = (
				94C152562085EE5900F285D7 /* Debug */,
				94C152572085EE5900F285D7 /* Release */,
			);
			defaultConfigurationIsVisible = 0;
			defaultConfigurationName = Release;
		};
		94C152582085EE5900F285D7 /* Build configuration list for PBXNativeTarget "DouyuTV" */ = {
			isa = XCConfigurationList;
			buildConfigurations = (
				94C152592085EE5900F285D7 /* Debug */,
				94C1525A2085EE5900F285D7 /* Release */,
			);
			defaultConfigurationIsVisible = 0;
			defaultConfigurationName = Release;
		};
		94C1525B2085EE5900F285D7 /* Build configuration list for PBXNativeTarget "DouyuTVTests" */ = {
			isa = XCConfigurationList;
			buildConfigurations = (
				94C1525C2085EE5900F285D7 /* Debug */,
				94C1525D2085EE5900F285D7 /* Release */,
			);
			defaultConfigurationIsVisible = 0;
			defaultConfigurationName = Release;
		};
		94C1525E2085EE5900F285D7 /* Build configuration list for PBXNativeTarget "DouyuTVUITests" */ = {
			isa = XCConfigurationList;
			buildConfigurations = (
				94C1525F2085EE5900F285D7 /* Debug */,
				94C152602085EE5900F285D7 /* Release */,
			);
			defaultConfigurationIsVisible = 0;
			defaultConfigurationName = Release;
		};
/* End XCConfigurationList section */
	};
	rootObject = 94C152282085EE5700F285D7 /* Project object */;
}
